
Microsoft Visual Studio Solution File, Format Version 12.00
# Visual Studio Version 17
VisualStudioVersion = 17.13.35818.85 d17.13
MinimumVisualStudioVersion = 10.0.40219.1
Project("{FAE04EC0-301F-11D3-BF4B-00C04F79EFBC}") = "i18npuzzles", "i18npuzzles\i18npuzzles.csproj", "{470E40AD-A252-4289-9751-B8FD4BDC5D55}"
EndProject
Global
	GlobalSection(SolutionConfigurationPlatforms) = preSolution
		Debug|Any CPU = Debug|Any CPU
		Release|Any CPU = Release|Any CPU
	EndGlobalSection
	GlobalSection(ProjectConfigurationPlatforms) = postSolution
		{470E40AD-A252-4289-9751-B8FD4BDC5D55}.Debug|Any CPU.ActiveCfg = Debug|Any CPU
		{470E40AD-A252-4289-9751-B8FD4BDC5D55}.Debug|Any CPU.Build.0 = Debug|Any CPU
		{470E40AD-A252-4289-9751-B8FD4BDC5D55}.Release|Any CPU.ActiveCfg = Release|Any CPU
		{470E40AD-A252-4289-9751-B8FD4BDC5D55}.Release|Any CPU.Build.0 = Release|Any CPU
	EndGlobalSection
	GlobalSection(SolutionProperties) = preSolution
		HideSolutionNode = FALSE
	EndGlobalSection
	GlobalSection(ExtensibilityGlobals) = postSolution
		SolutionGuid = {0CDBFC01-88D9-4614-B8B8-CE28EAF7088F}
	EndGlobalSection
EndGlobal
